{
  "name": "heron",
  "version": "0.0.0",
  "lockfileVersion": 1,
  "requires": true,
  "dependencies": {
    "hyperapp": {
      "version": "1.2.9",
      "resolved": "https://registry.npmjs.org/hyperapp/-/hyperapp-1.2.9.tgz",
      "integrity": "sha512-bIzi12am7pyQ5nc2qnQpN6GWonjdJp+AghY7j9H9L0vccM1OQ3Cqn13cZlmS9KYm91Nf9fwF4KjvbQekFBxHVw=="
    },
    "pegjs": {
      "version": "0.11.0-master.85dbe5a",
      "resolved": "https://registry.npmjs.org/pegjs/-/pegjs-0.11.0-master.85dbe5a.tgz",
      "integrity": "sha512-2lPYNNapzX9hsRNWpYnrniVnoCM3SZd2+L7c9KxqN+bOKU0DnHVQH5qE/BJaUJVohTyInDrx0oDo4JiyemqM2w=="
    }
  }
}
